<?xml version="1.0" encoding="utf-8"?>
<Project ToolsVersion="4.0" xmlns="http://schemas.microsoft.com/developer/msbuild/2003">
  <ItemGroup>
    <Filter Include="Frontend">
      <UniqueIdentifier>{267b1c15-7a20-472d-957d-0a7f9f4ad70d}</UniqueIdentifier>
    </Filter>
    <Filter Include="Frontend\Diagnostics">
      <UniqueIdentifier>{df74f68b-0355-4d36-bfc5-9c87138f0fb8}</UniqueIdentifier>
    </Filter>
    <Filter Include="Frontend\Preprocessor">
      <UniqueIdentifier>{8a882dc3-b983-473a-8fe7-457df02bfe09}</UniqueIdentifier>
    </Filter>
    <Filter Include="Core">
      <UniqueIdentifier>{70ccf384-3d3c-4577-81f1-9fcfc0fcac00}</UniqueIdentifier>
    </Filter>
    <Filter Include="Frontend\Lexer">
      <UniqueIdentifier>{183427ba-5584-4bfb-b2ff-dd2cd709e429}</UniqueIdentifier>
    </Filter>
    <Filter Include="Frontend\Parser">
      <UniqueIdentifier>{561a5b64-d52c-4a1a-9119-e052e29c9891}</UniqueIdentifier>
    </Filter>
    <Filter Include="Backend">
      <UniqueIdentifier>{df52d063-1d91-4ee8-985c-97e985589efb}</UniqueIdentifier>
    </Filter>
    <Filter Include="Compiler">
      <UniqueIdentifier>{8cc26ad8-26fe-4b22-8b77-fa36af835f2b}</UniqueIdentifier>
    </Filter>
    <Filter Include="Backend\x86-64">
      <UniqueIdentifier>{13032ed4-01a1-483b-ae25-2669dae4f389}</UniqueIdentifier>
    </Filter>
  </ItemGroup>
  <ItemGroup>
    <ClCompile Include="main.cpp" />
    <ClCompile Include="precomp.cpp" />
    <ClCompile Include="Frontend\SourceBuffer.cpp">
      <Filter>Frontend</Filter>
    </ClCompile>
    <ClCompile Include="Frontend\TokenTypes.cpp">
      <Filter>Frontend</Filter>
    </ClCompile>
    <ClCompile Include="Frontend\Diagnostics.cpp">
      <Filter>Frontend\Diagnostics</Filter>
    </ClCompile>
    <ClCompile Include="Frontend\Preprocessor.cpp">
      <Filter>Frontend\Preprocessor</Filter>
    </ClCompile>
    <ClCompile Include="Frontend\Lexer.cpp">
      <Filter>Frontend\Lexer</Filter>
    </ClCompile>
    <ClCompile Include="Frontend\Parser.cpp">
      <Filter>Frontend\Parser</Filter>
    </ClCompile>
    <ClCompile Include="Frontend\AST.cpp">
      <Filter>Frontend\Parser</Filter>
    </ClCompile>
    <ClCompile Include="Compiler\Compiler.cpp">
      <Filter>Compiler</Filter>
    </ClCompile>
    <ClCompile Include="Compiler\DebugUtil.cpp">
      <Filter>Compiler</Filter>
    </ClCompile>
    <ClCompile Include="Backend\x86_64Context.cpp">
      <Filter>Backend\x86-64</Filter>
    </ClCompile>
    <ClCompile Include="Backend\x86_64CodeGenerator.cpp">
      <Filter>Backend\x86-64</Filter>
    </ClCompile>
  </ItemGroup>
  <ItemGroup>
    <ClInclude Include="precomp.h" />
    <ClInclude Include="Frontend\SourceBuffer.h">
      <Filter>Frontend</Filter>
    </ClInclude>
    <ClInclude Include="Frontend\SourceLocation.h">
      <Filter>Frontend</Filter>
    </ClInclude>
    <ClInclude Include="Frontend\Token.h">
      <Filter>Frontend</Filter>
    </ClInclude>
    <ClInclude Include="Frontend\TokenTypes.h">
      <Filter>Frontend</Filter>
    </ClInclude>
    <ClInclude Include="Core\CLIParser.h">
      <Filter>Core</Filter>
    </ClInclude>
    <ClInclude Include="Core\CoreTypes.h">
      <Filter>Core</Filter>
    </ClInclude>
    <ClInclude Include="Core\Defines.h">
      <Filter>Core</Filter>
    </ClInclude>
    <ClInclude Include="Core\Enums.h">
      <Filter>Core</Filter>
    </ClInclude>
    <ClInclude Include="Frontend\Diagnostics.h">
      <Filter>Frontend\Diagnostics</Filter>
    </ClInclude>
    <ClInclude Include="Frontend\Preprocessor.h">
      <Filter>Frontend\Preprocessor</Filter>
    </ClInclude>
    <ClInclude Include="Frontend\Lexer.h">
      <Filter>Frontend\Lexer</Filter>
    </ClInclude>
    <ClInclude Include="Frontend\Parser.h">
      <Filter>Frontend\Parser</Filter>
    </ClInclude>
    <ClInclude Include="Frontend\AST.h">
      <Filter>Frontend\Parser</Filter>
    </ClInclude>
    <ClInclude Include="Frontend\Symbol.h">
      <Filter>Frontend\Parser</Filter>
    </ClInclude>
    <ClInclude Include="Frontend\Type.h">
      <Filter>Frontend\Parser</Filter>
    </ClInclude>
    <ClInclude Include="Backend\ICodeGenerator.h">
      <Filter>Backend</Filter>
    </ClInclude>
    <ClInclude Include="Compiler\Compiler.h">
      <Filter>Compiler</Filter>
    </ClInclude>
    <ClInclude Include="Compiler\DebugUtil.h">
      <Filter>Compiler</Filter>
    </ClInclude>
    <ClInclude Include="Backend\x86_64Context.h">
      <Filter>Backend\x86-64</Filter>
    </ClInclude>
    <ClInclude Include="Backend\x86_64CodeGenerator.h">
      <Filter>Backend\x86-64</Filter>
    </ClInclude>
  </ItemGroup>
  <ItemGroup>
    <None Include="Frontend\Tokens.def">
      <Filter>Frontend</Filter>
    </None>
    <None Include="Frontend\Diagnostics.def">
      <Filter>Frontend\Diagnostics</Filter>
    </None>
    <None Include="Compiler\Assembler\test.asm">
      <Filter>Compiler</Filter>
    </None>
  </ItemGroup>
  <ItemGroup>
    <Text Include="Compiler\test.txt">
      <Filter>Compiler</Filter>
    </Text>
    <Text Include="Compiler\test2.txt">
      <Filter>Compiler</Filter>
    </Text>
  </ItemGroup>
</Project>