<?xml version="1.0" encoding="utf-8"?>
<Project ToolsVersion="4.0" xmlns="http://schemas.microsoft.com/developer/msbuild/2003">
  <ItemGroup>
    <ClCompile Include="main.cpp" />
    <ClCompile Include="precomp.cpp" />
    <ClCompile Include="Frontend\SourceBuffer.cpp">
      <Filter>Frontend</Filter>
    </ClCompile>
    <ClCompile Include="Frontend\Lexer.cpp">
      <Filter>Frontend\Lexer</Filter>
    </ClCompile>
    <ClCompile Include="Compiler.cpp" />
    <ClCompile Include="Frontend\Hideset.cpp">
      <Filter>Frontend\Preprocessor</Filter>
    </ClCompile>
    <ClCompile Include="Frontend\Preprocessor.cpp">
      <Filter>Frontend\Preprocessor</Filter>
    </ClCompile>
    <ClCompile Include="Frontend\TokenTypes.cpp">
      <Filter>Frontend</Filter>
    </ClCompile>
    <ClCompile Include="Frontend\Parser.cpp">
      <Filter>Frontend\Parser</Filter>
    </ClCompile>
    <ClCompile Include="Frontend\Diagnostics.cpp">
      <Filter>Frontend\Diagnostics</Filter>
    </ClCompile>
    <ClCompile Include="Frontend\AST.cpp">
      <Filter>Frontend\Parser</Filter>
    </ClCompile>
  </ItemGroup>
  <ItemGroup>
    <ClInclude Include="precomp.h" />
    <ClInclude Include="Core\CoreTypes.h">
      <Filter>Core</Filter>
    </ClInclude>
    <ClInclude Include="Core\Defines.h">
      <Filter>Core</Filter>
    </ClInclude>
    <ClInclude Include="Core\Enums.h">
      <Filter>Core</Filter>
    </ClInclude>
    <ClInclude Include="Frontend\SourceBuffer.h">
      <Filter>Frontend</Filter>
    </ClInclude>
    <ClInclude Include="Frontend\Token.h">
      <Filter>Frontend</Filter>
    </ClInclude>
    <ClInclude Include="Frontend\SourceLocation.h">
      <Filter>Frontend</Filter>
    </ClInclude>
    <ClInclude Include="Frontend\TokenTypes.h">
      <Filter>Frontend</Filter>
    </ClInclude>
    <ClInclude Include="Frontend\Lexer.h">
      <Filter>Frontend\Lexer</Filter>
    </ClInclude>
    <ClInclude Include="Compiler.h" />
    <ClInclude Include="Frontend\Hideset.h">
      <Filter>Frontend\Preprocessor</Filter>
    </ClInclude>
    <ClInclude Include="Frontend\Preprocessor.h">
      <Filter>Frontend\Preprocessor</Filter>
    </ClInclude>
    <ClInclude Include="Core\CLIParser.h">
      <Filter>Core</Filter>
    </ClInclude>
    <ClInclude Include="Frontend\Parser.h">
      <Filter>Frontend\Parser</Filter>
    </ClInclude>
    <ClInclude Include="Frontend\AST.h">
      <Filter>Frontend\Parser</Filter>
    </ClInclude>
    <ClInclude Include="Frontend\Type.h">
      <Filter>Frontend\Parser</Filter>
    </ClInclude>
    <ClInclude Include="Frontend\SymbolTableStack.h">
      <Filter>Frontend\Parser</Filter>
    </ClInclude>
    <ClInclude Include="Frontend\Diagnostics.h">
      <Filter>Frontend\Diagnostics</Filter>
    </ClInclude>
  </ItemGroup>
  <ItemGroup>
    <Filter Include="Frontend">
      <UniqueIdentifier>{40f1bf65-7a59-44d5-a88b-ab5a1eebf391}</UniqueIdentifier>
    </Filter>
    <Filter Include="Core">
      <UniqueIdentifier>{8006f893-d806-4ca7-b6c9-f51fac445977}</UniqueIdentifier>
    </Filter>
    <Filter Include="Frontend\Preprocessor">
      <UniqueIdentifier>{018d7e58-0a5d-473b-9455-2828bc395030}</UniqueIdentifier>
    </Filter>
    <Filter Include="Frontend\Lexer">
      <UniqueIdentifier>{2940acaf-0524-4d2f-ad1e-d0f220c7dbb2}</UniqueIdentifier>
    </Filter>
    <Filter Include="Frontend\Parser">
      <UniqueIdentifier>{8875749e-759b-4319-8f2c-723af3aa099a}</UniqueIdentifier>
    </Filter>
    <Filter Include="Frontend\Diagnostics">
      <UniqueIdentifier>{b58771ba-0d5f-4200-93d2-29e6007885f8}</UniqueIdentifier>
    </Filter>
  </ItemGroup>
  <ItemGroup>
    <Text Include="test.txt" />
    <Text Include="test2.txt" />
  </ItemGroup>
  <ItemGroup>
    <None Include="Frontend\Diagnostics.def">
      <Filter>Frontend\Diagnostics</Filter>
    </None>
    <None Include="Frontend\Tokens.def">
      <Filter>Frontend</Filter>
    </None>
  </ItemGroup>
</Project>